{
  "requires": true,
  "lockfileVersion": 1,
  "dependencies": {
    "financial": {
      "version": "0.1.3",
      "resolved": "https://registry.npmjs.org/financial/-/financial-0.1.3.tgz",
      "integrity": "sha512-vdv2nx8x+u1bgfcdt/BsKU4Gpqfu9u2485UJoQAs6GqrASszm6QWY7d8H7x968G5rAdV4SU2Nz4JoLTtHUnlcA==",
      "dev": true
    }
  }
}
